
Microsoft Visual Studio Solution File, Format Version 12.00
# Visual Studio Version 17
VisualStudioVersion = 17.7.34031.279
MinimumVisualStudioVersion = 10.0.40219.1
Project("{2150E333-8FDC-42A3-9474-1A3956D46DE8}") = "Solution Items", "Solution Items", "{0087DF15-B66A-4F91-AE93-50782B1A8387}"
	ProjectSection(SolutionItems) = preProject
		..\.gitignore = ..\.gitignore
	EndProjectSection
EndProject
Project("{2150E333-8FDC-42A3-9474-1A3956D46DE8}") = "src", "src", "{7E79C4A6-1CD9-4D23-ABB3-7293205DA154}"
EndProject
Project("{FAE04EC0-301F-11D3-BF4B-00C04F79EFBC}") = "ConsoleCalculator", "src\ConsoleCalculator\ConsoleCalculator.csproj", "{776BB69D-07EB-4E92-86AB-2A9A0F66F605}"
EndProject
Global
	GlobalSection(SolutionConfigurationPlatforms) = preSolution
		Debug|Any CPU = Debug|Any CPU
		Release|Any CPU = Release|Any CPU
	EndGlobalSection
	GlobalSection(ProjectConfigurationPlatforms) = postSolution
		{776BB69D-07EB-4E92-86AB-2A9A0F66F605}.Debug|Any CPU.ActiveCfg = Debug|Any CPU
		{776BB69D-07EB-4E92-86AB-2A9A0F66F605}.Debug|Any CPU.Build.0 = Debug|Any CPU
		{776BB69D-07EB-4E92-86AB-2A9A0F66F605}.Release|Any CPU.ActiveCfg = Release|Any CPU
		{776BB69D-07EB-4E92-86AB-2A9A0F66F605}.Release|Any CPU.Build.0 = Release|Any CPU
	EndGlobalSection
	GlobalSection(SolutionProperties) = preSolution
		HideSolutionNode = FALSE
	EndGlobalSection
	GlobalSection(NestedProjects) = preSolution
		{776BB69D-07EB-4E92-86AB-2A9A0F66F605} = {7E79C4A6-1CD9-4D23-ABB3-7293205DA154}
	EndGlobalSection
	GlobalSection(ExtensibilityGlobals) = postSolution
		SolutionGuid = {13E5AF65-FAE3-472E-BE83-87A469D1A741}
	EndGlobalSection
EndGlobal
